# THIS IS AN AUTOGENERATED FILE. DO NOT EDIT THIS FILE DIRECTLY.
# yarn lockfile v1


"@babel/runtime@^7.12.0", "@babel/runtime@^7.3.1", "@babel/runtime@^7.5.5":
  version "7.12.13"
  resolved "https://registry.yarnpkg.com/@babel/runtime/-/runtime-7.12.13.tgz#0a21452352b02542db0ffb928ac2d3ca7cb6d66d"
  integrity sha512-8+3UMPBrjFa/6TtKi/7sehPKqfAm4g6K+YQjyyFOLUTxzOngcRZTlAVY8sc2CORJYqdHQY8gRPHmn+qo15rCBw==
  dependencies:
    regenerator-runtime "^0.13.4"

"@next/env@14.2.32":
  version "14.2.32"
  resolved "https://registry.yarnpkg.com/@next/env/-/env-14.2.32.tgz#6d1107e2b7cc8649ff3730b8b46deb4e8a6d38fa"
  integrity sha512-n9mQdigI6iZ/DF6pCTwMKeWgF2e8lg7qgt5M7HXMLtyhZYMnf/u905M18sSpPmHL9MKp9JHo56C6jrD2EvWxng==

"@next/swc-darwin-arm64@14.2.32":
  version "14.2.32"
  resolved "https://registry.yarnpkg.com/@next/swc-darwin-arm64/-/swc-darwin-arm64-14.2.32.tgz#83482a7282df899b73d916e02b02a189771e706c"
  integrity sha512-osHXveM70zC+ilfuFa/2W6a1XQxJTvEhzEycnjUaVE8kpUS09lDpiDDX2YLdyFCzoUbvbo5r0X1Kp4MllIOShw==

"@next/swc-darwin-x64@14.2.32":
  version "14.2.32"
  resolved "https://registry.yarnpkg.com/@next/swc-darwin-x64/-/swc-darwin-x64-14.2.32.tgz#1a9eb676a014e1fc999251f10288c25a0f81d6d1"
  integrity sha512-P9NpCAJuOiaHHpqtrCNncjqtSBi1f6QUdHK/+dNabBIXB2RUFWL19TY1Hkhu74OvyNQEYEzzMJCMQk5agjw1Qg==

"@next/swc-linux-arm64-gnu@14.2.32":
  version "14.2.32"
  resolved "https://registry.yarnpkg.com/@next/swc-linux-arm64-gnu/-/swc-linux-arm64-gnu-14.2.32.tgz#7713a49abd555d6f698e766b1631b67d881b4ee4"
  integrity sha512-v7JaO0oXXt6d+cFjrrKqYnR2ubrD+JYP7nQVRZgeo5uNE5hkCpWnHmXm9vy3g6foMO8SPwL0P3MPw1c+BjbAzA==

"@next/swc-linux-arm64-musl@14.2.32":
  version "14.2.32"
  resolved "https://registry.yarnpkg.com/@next/swc-linux-arm64-musl/-/swc-linux-arm64-musl-14.2.32.tgz#327efdffe97e56f5389a7889cdedbd676fdbb519"
  integrity sha512-tA6sIKShXtSJBTH88i0DRd6I9n3ZTirmwpwAqH5zdJoQF7/wlJXR8DkPmKwYl5mFWhEKr5IIa3LfpMW9RRwKmQ==

"@next/swc-linux-x64-gnu@14.2.32":
  version "14.2.32"
  resolved "https://registry.yarnpkg.com/@next/swc-linux-x64-gnu/-/swc-linux-x64-gnu-14.2.32.tgz#a3e7444613d0fe5c8ea4ead08d6a9c818246758c"
  integrity sha512-7S1GY4TdnlGVIdeXXKQdDkfDysoIVFMD0lJuVVMeb3eoVjrknQ0JNN7wFlhCvea0hEk0Sd4D1hedVChDKfV2jw==

"@next/swc-linux-x64-musl@14.2.32":
  version "14.2.32"
  resolved "https://registry.yarnpkg.com/@next/swc-linux-x64-musl/-/swc-linux-x64-musl-14.2.32.tgz#a2ec5b0a06c740d6740c938b1d4a614f1a13f018"
  integrity sha512-OHHC81P4tirVa6Awk6eCQ6RBfWl8HpFsZtfEkMpJ5GjPsJ3nhPe6wKAJUZ/piC8sszUkAgv3fLflgzPStIwfWg==

"@next/swc-win32-arm64-msvc@14.2.32":
  version "14.2.32"
  resolved "https://registry.yarnpkg.com/@next/swc-win32-arm64-msvc/-/swc-win32-arm64-msvc-14.2.32.tgz#b4d3e47c6b276fc4711deb978d04015d029d198d"
  integrity sha512-rORQjXsAFeX6TLYJrCG5yoIDj+NKq31Rqwn8Wpn/bkPNy5rTHvOXkW8mLFonItS7QC6M+1JIIcLe+vOCTOYpvg==

"@next/swc-win32-ia32-msvc@14.2.32":
  version "14.2.32"
  resolved "https://registry.yarnpkg.com/@next/swc-win32-ia32-msvc/-/swc-win32-ia32-msvc-14.2.32.tgz#d1f1f854a1fbbaeefa8f81271437448653f33494"
  integrity sha512-jHUeDPVHrgFltqoAqDB6g6OStNnFxnc7Aks3p0KE0FbwAvRg6qWKYF5mSTdCTxA3axoSAUwxYdILzXJfUwlHhA==

"@next/swc-win32-x64-msvc@14.2.32":
  version "14.2.32"
  resolved "https://registry.yarnpkg.com/@next/swc-win32-x64-msvc/-/swc-win32-x64-msvc-14.2.32.tgz#8212d681cf6858a9e3204728f8f2b161000683ed"
  integrity sha512-2N0lSoU4GjfLSO50wvKpMQgKd4HdI2UHEhQPPPnlgfBJlOgJxkjpkYBqzk08f1gItBB6xF/n+ykso2hgxuydsA==

"@sagi.io/globalthis@^0.0.2":
  version "0.0.2"
  resolved "https://registry.yarnpkg.com/@sagi.io/globalthis/-/globalthis-0.0.2.tgz#2777ab71721ecaab1b0dd8aa75abbe0f3ae1ba58"
  integrity sha512-sazB1BcX8IK5UxDgEEd0J1bPB0rwH0k725nYva6ofBhvNX8lMytuRf3mlkTkytNHKTi4EGxBOY+YAD3PkeEtlA==

"@swc/counter@^0.1.3":
  version "0.1.3"
  resolved "https://registry.yarnpkg.com/@swc/counter/-/counter-0.1.3.tgz#cc7463bd02949611c6329596fccd2b0ec782b0e9"
  integrity sha512-e2BR4lsJkkRlKZ/qCHPw9ZaSxc0MVUd7gtbtaB7aMvHeJVYe8sOB8DBZkP2DtISHGSku9sCK6T6cnY0CtXrOCQ==

"@swc/helpers@0.5.5":
  version "0.5.5"
  resolved "https://registry.yarnpkg.com/@swc/helpers/-/helpers-0.5.5.tgz#12689df71bfc9b21c4f4ca00ae55f2f16c8b77c0"
  integrity sha512-KGYxvIOXcceOAbEk4bi/dVLEK9z8sZ0uBB3Il5b1rhfClSpcX0yfRO0KmTkqR2cnQDymwLB+25ZyMzICg/cm/A==
  dependencies:
    "@swc/counter" "^0.1.3"
    tslib "^2.4.0"

"@types/body-parser@*":
  version "1.19.0"
  resolved "https://registry.yarnpkg.com/@types/body-parser/-/body-parser-1.19.0.tgz#0685b3c47eb3006ffed117cdd55164b61f80538f"
  integrity sha512-W98JrE0j2K78swW4ukqMleo8R7h/pFETjM2DQ90MF6XK2i4LO4W3gQ71Lt4w3bfm2EvVSyWHplECvB5sK22yFQ==
  dependencies:
    "@types/connect" "*"
    "@types/node" "*"

"@types/connect@*":
  version "3.4.34"
  resolved "https://registry.yarnpkg.com/@types/connect/-/connect-3.4.34.tgz#170a40223a6d666006d93ca128af2beb1d9b1901"
  integrity sha512-ePPA/JuI+X0vb+gSWlPKOY0NdNAie/rPUqX2GUPpbZwiKTkSPhjXWuee47E4MtE54QVzGCQMQkAL6JhV2E1+cQ==
  dependencies:
    "@types/node" "*"

"@types/express-serve-static-core@^4.17.18":
  version "4.17.18"
  resolved "https://registry.yarnpkg.com/@types/express-serve-static-core/-/express-serve-static-core-4.17.18.tgz#8371e260f40e0e1ca0c116a9afcd9426fa094c40"
  integrity sha512-m4JTwx5RUBNZvky/JJ8swEJPKFd8si08pPF2PfizYjGZOKr/svUWPcoUmLow6MmPzhasphB7gSTINY67xn3JNA==
  dependencies:
    "@types/node" "*"
    "@types/qs" "*"
    "@types/range-parser" "*"

"@types/express@^4.16.1":
  version "4.17.11"
  resolved "https://registry.yarnpkg.com/@types/express/-/express-4.17.11.tgz#debe3caa6f8e5fcda96b47bd54e2f40c4ee59545"
  integrity sha512-no+R6rW60JEc59977wIxreQVsIEOAYwgCqldrA/vkpCnbD7MqTefO97lmoBe4WE0F156bC4uLSP1XHDOySnChg==
  dependencies:
    "@types/body-parser" "*"
    "@types/express-serve-static-core" "^4.17.18"
    "@types/qs" "*"
    "@types/serve-static" "*"

"@types/mime@^1":
  version "1.3.2"
  resolved "https://registry.yarnpkg.com/@types/mime/-/mime-1.3.2.tgz#93e25bf9ee75fe0fd80b594bc4feb0e862111b5a"
  integrity sha512-YATxVxgRqNH6nHEIsvg6k2Boc1JHI9ZbH5iWFFv/MTkchz3b1ieGDa5T0a9RznNdI0KhVbdbWSN+KWWrQZRxTw==

"@types/node@*":
  version "14.14.28"
  resolved "https://registry.yarnpkg.com/@types/node/-/node-14.14.28.tgz#cade4b64f8438f588951a6b35843ce536853f25b"
  integrity sha512-lg55ArB+ZiHHbBBttLpzD07akz0QPrZgUODNakeC09i62dnrywr9mFErHuaPlB6I7z+sEbK+IYmplahvplCj2g==

"@types/qs@*":
  version "6.9.5"
  resolved "https://registry.yarnpkg.com/@types/qs/-/qs-6.9.5.tgz#434711bdd49eb5ee69d90c1d67c354a9a8ecb18b"
  integrity sha512-/JHkVHtx/REVG0VVToGRGH2+23hsYLHdyG+GrvoUGlGAd0ErauXDyvHtRI/7H7mzLm+tBCKA7pfcpkQ1lf58iQ==

"@types/range-parser@*":
  version "1.2.3"
  resolved "https://registry.yarnpkg.com/@types/range-parser/-/range-parser-1.2.3.tgz#7ee330ba7caafb98090bece86a5ee44115904c2c"
  integrity sha512-ewFXqrQHlFsgc09MK5jP5iR7vumV/BYayNC6PgJO2LPe8vrnNFyjQjSppfEngITi0qvfKtzFvgKymGheFM9UOA==

"@types/serve-static@*":
  version "1.13.9"
  resolved "https://registry.yarnpkg.com/@types/serve-static/-/serve-static-1.13.9.tgz#aacf28a85a05ee29a11fb7c3ead935ac56f33e4e"
  integrity sha512-ZFqF6qa48XsPdjXV5Gsz0Zqmux2PerNd3a/ktL45mHpa19cuMi/cL8tcxdAx497yRh+QtYPuofjT9oWw9P7nkA==
  dependencies:
    "@types/mime" "^1"
    "@types/node" "*"

busboy@1.6.0:
  version "1.6.0"
  resolved "https://registry.yarnpkg.com/busboy/-/busboy-1.6.0.tgz#966ea36a9502e43cdb9146962523b92f531f6893"
  integrity sha512-8SFQbg/0hQ9xy3UNTB0YEnsNBbWfhf7RtnzpL7TkBiTBRfrQ9Fxcnz7VJsleJpyp6rVLvXiuORqjlHi5q+PYuA==
  dependencies:
    streamsearch "^1.1.0"

caniuse-lite@^1.0.30001579:
  version "1.0.30001739"
  resolved "https://registry.yarnpkg.com/caniuse-lite/-/caniuse-lite-1.0.30001739.tgz#b34ce2d56bfc22f4352b2af0144102d623a124f4"
  integrity sha512-y+j60d6ulelrNSwpPyrHdl+9mJnQzHBr08xm48Qno0nSk4h3Qojh+ziv2qE6rXf4k3tadF4o1J/1tAbVm1NtnA==

client-only@0.0.1:
  version "0.0.1"
  resolved "https://registry.yarnpkg.com/client-only/-/client-only-0.0.1.tgz#38bba5d403c41ab150bff64a95c85013cf73bca1"
  integrity sha512-IV3Ou0jSMzZrd3pZ48nLkT9DA7Ag1pnPzaiQhpW7c3RbcqqzvzzVu+L8gfqMp/8IM2MQtSiqaCxrrcfu8I8rMA==

core-js@^3:
  version "3.8.3"
  resolved "https://registry.yarnpkg.com/core-js/-/core-js-3.8.3.tgz#c21906e1f14f3689f93abcc6e26883550dd92dd0"
  integrity sha512-KPYXeVZYemC2TkNEkX/01I+7yd+nX3KddKwZ1Ww7SKWdI2wQprSgLmrTddT8nw92AjEklTsPBoSdQBhbI1bQ6Q==

graceful-fs@^4.2.11:
  version "4.2.11"
  resolved "https://registry.yarnpkg.com/graceful-fs/-/graceful-fs-4.2.11.tgz#4183e4e8bf08bb6e05bbb2f7d2e0c8f712ca40e3"
  integrity sha512-RbJ5/jmFcNNCcDV5o9eTnBLJ/HszWV0P73bc+Ff4nS/rJj+YaS6IGyiOL0VoBYX+l1Wrl3k63h/KrH+nhJ0XvQ==

hoist-non-react-statics@^3.2.0:
  version "3.3.2"
  resolved "https://registry.yarnpkg.com/hoist-non-react-statics/-/hoist-non-react-statics-3.3.2.tgz#ece0acaf71d62c2969c2ec59feff42a4b1a85b45"
  integrity sha512-/gGivxi8JPKWNm/W0jSmzcMPpfpPLc3dY/6GxhX2hQ9iGj3aDfklV4ET7NjKpSinLpJ5vafa9iiGIEZg10SfBw==
  dependencies:
    react-is "^16.7.0"

html-parse-stringify2@2.0.1:
  version "2.0.1"
  resolved "https://registry.yarnpkg.com/html-parse-stringify2/-/html-parse-stringify2-2.0.1.tgz#dc5670b7292ca158b7bc916c9a6735ac8872834a"
  integrity sha1-3FZwtyksoVi3vJFsmmc1rIhyg0o=
  dependencies:
    void-elements "^2.0.1"

http-errors@~1.4.0:
  version "1.4.0"
  resolved "https://registry.yarnpkg.com/http-errors/-/http-errors-1.4.0.tgz#6c0242dea6b3df7afda153c71089b31c6e82aabf"
  integrity sha1-bAJC3qaz33r9oVPHEImzHG6Cqr8=
  dependencies:
    inherits "2.0.1"
    statuses ">= 1.2.1 < 2"

i18next-browser-languagedetector@^5.0.0:
  version "5.0.1"
  resolved "https://registry.yarnpkg.com/i18next-browser-languagedetector/-/i18next-browser-languagedetector-5.0.1.tgz#02a18f57f79b5de06279feb9a84c80ea4dde7da9"
  integrity sha512-7K4A6DJ2rNz3Yd835Y493UgkzUxgpGsCeIMKLGkt6Ps0cbgSaJ+LdATFNFA+ujp2brmsUM9BeDThXKhabXUbUw==
  dependencies:
    "@babel/runtime" "^7.5.5"

i18next-fs-backend@^1.0.7:
  version "1.0.8"
  resolved "https://registry.yarnpkg.com/i18next-fs-backend/-/i18next-fs-backend-1.0.8.tgz#f03d911cac31d76bd6b0aa73fa9c7fc45a199e1d"
  integrity sha512-1TyOJEGBvwqdIu0vZo/pcAxPXe/0vqOX6/hgsgTnNpcGe0PyHJ/87ABDdwdwfKJSxbtM0j6Pue0NKFcx6rOeJg==

i18next-http-backend@^1.0.17:
  version "1.1.0"
  resolved "https://registry.yarnpkg.com/i18next-http-backend/-/i18next-http-backend-1.1.0.tgz#7ccba7252b84b031f51dee0f8e58a578736d0129"
  integrity sha512-utp3MyUQpIUD5Jxkf5xz0GWYWDSte7uuf1F4qaLtVtIqlcFcyYQ2l22el1JPK3rAL44+sjhB7+ct0Qr2WpbxNA==
  dependencies:
    node-fetch "2.6.1"

i18next-http-middleware@^3.0.2:
  version "3.1.0"
  resolved "https://registry.yarnpkg.com/i18next-http-middleware/-/i18next-http-middleware-3.1.0.tgz#71299ca988a56a96ac0adefe871a967d6b99112d"
  integrity sha512-65rP8bi5b7znBzfgIUy0KE00SWg1X6mL5XEkassgTrjAeLSfSb4vQ2bs9cN3qwHCynKIpmHjmNDu5c8NylTVmw==

"i18next-phrase-in-context-editor-post-processor@link:../..":
  version "1.7.2"
  dependencies:
    "@sagi.io/globalthis" "^0.0.2"

i18next@^19.6.0, i18next@^19.6.3:
  version "19.8.7"
  resolved "https://registry.yarnpkg.com/i18next/-/i18next-19.8.7.tgz#ef023e353974d1b1453e8b6331bd9fb7cba427df"
  integrity sha512-ezo1gb7QO4OQ5gQCdZMUxopwQSoqpRp6whdEjm1grxMSmkGj1NJ+kYS0UQd4NnpPIVqsgqTQ2L2eqSQYQ+U3Fw==
  dependencies:
    "@babel/runtime" "^7.12.0"

inherits@2.0.1:
  version "2.0.1"
  resolved "https://registry.yarnpkg.com/inherits/-/inherits-2.0.1.tgz#b17d08d326b4423e568eff719f91b0b1cbdf69f1"
  integrity sha1-sX0I0ya0Qj5Wjv9xn5GwscvfafE=

isarray@0.0.1:
  version "0.0.1"
  resolved "https://registry.yarnpkg.com/isarray/-/isarray-0.0.1.tgz#8a18acfca9a8f4177e09abfc6038939b05d1eedf"
  integrity sha1-ihis/Kmo9Bd+Cav8YDiTmwXR7t8=

"js-tokens@^3.0.0 || ^4.0.0":
  version "4.0.0"
  resolved "https://registry.yarnpkg.com/js-tokens/-/js-tokens-4.0.0.tgz#19203fb59991df98e3a287050d4647cdeaf32499"
  integrity sha512-RdJUflcE3cUzKiMqQgsCu06FPu9UdIJO0beYbPhHN4k6apgJtifcoCtT9bcxOpYBtpD2kCM6Sbzg4CausW/PKQ==

loose-envify@^1.1.0, loose-envify@^1.4.0:
  version "1.4.0"
  resolved "https://registry.yarnpkg.com/loose-envify/-/loose-envify-1.4.0.tgz#71ee51fa7be4caec1a63839f7e682d8132d30caf"
  integrity sha512-lyuxPGr/Wfhrlem2CL/UcnUc1zcqKAImBDzukY7Y5F/yQiNdko6+fRLevlw1HgMySw7f611UIY408EtxRSoK3Q==
  dependencies:
    js-tokens "^3.0.0 || ^4.0.0"

nanoid@^3.3.6:
  version "3.3.11"
  resolved "https://registry.yarnpkg.com/nanoid/-/nanoid-3.3.11.tgz#4f4f112cefbe303202f2199838128936266d185b"
  integrity sha512-N8SpfPUnUp1bK+PMYW8qSWdl9U+wwNWI4QKxOYDy9JAro3WMX7p2OeVRF9v+347pnakNevPmiHhNmZ2HbFA76w==

next-i18next@^7.0.1:
  version "7.0.1"
  resolved "https://registry.yarnpkg.com/next-i18next/-/next-i18next-7.0.1.tgz#5109b43cf374df633dc8100b5ed60ba4f0977294"
  integrity sha512-x97lSfB11q/5Flf1Ocz02WoXeIRuVi7oJQ+8p9kNSfoIJExz1nTLPpJmWr2SF8wDxaljzL/kjlETUOyptGhSjQ==
  dependencies:
    "@types/express" "^4.16.1"
    core-js "^3"
    hoist-non-react-statics "^3.2.0"
    i18next "^19.6.3"
    i18next-browser-languagedetector "^5.0.0"
    i18next-fs-backend "^1.0.7"
    i18next-http-backend "^1.0.17"
    i18next-http-middleware "^3.0.2"
    path-match "^1.2.4"
    prop-types "^15.6.2"
    react-i18next "^11.7.3"
    url "^0.11.0"

next@^14.2.32:
  version "14.2.32"
  resolved "https://registry.yarnpkg.com/next/-/next-14.2.32.tgz#279b544f0c8ed023c33454ce4d563d3e05c2f3fb"
  integrity sha512-fg5g0GZ7/nFc09X8wLe6pNSU8cLWbLRG3TZzPJ1BJvi2s9m7eF991se67wliM9kR5yLHRkyGKU49MMx58s3LJg==
  dependencies:
    "@next/env" "14.2.32"
    "@swc/helpers" "0.5.5"
    busboy "1.6.0"
    caniuse-lite "^1.0.30001579"
    graceful-fs "^4.2.11"
    postcss "8.4.31"
    styled-jsx "5.1.1"
  optionalDependencies:
    "@next/swc-darwin-arm64" "14.2.32"
    "@next/swc-darwin-x64" "14.2.32"
    "@next/swc-linux-arm64-gnu" "14.2.32"
    "@next/swc-linux-arm64-musl" "14.2.32"
    "@next/swc-linux-x64-gnu" "14.2.32"
    "@next/swc-linux-x64-musl" "14.2.32"
    "@next/swc-win32-arm64-msvc" "14.2.32"
    "@next/swc-win32-ia32-msvc" "14.2.32"
    "@next/swc-win32-x64-msvc" "14.2.32"

node-fetch@2.6.1:
  version "2.6.1"
  resolved "https://registry.yarnpkg.com/node-fetch/-/node-fetch-2.6.1.tgz#045bd323631f76ed2e2b55573394416b639a0052"
  integrity sha512-V4aYg89jEoVRxRb2fJdAg8FHvI7cEyYdVAh94HH0UIK8oJxUfkjlDQN9RbMx+bEjP7+ggMiFRprSti032Oipxw==

object-assign@^4.1.1:
  version "4.1.1"
  resolved "https://registry.yarnpkg.com/object-assign/-/object-assign-4.1.1.tgz#2109adc7965887cfc05cbbd442cac8bfbb360863"
  integrity sha1-IQmtx5ZYh8/AXLvUQsrIv7s2CGM=

path-match@^1.2.4:
  version "1.2.4"
  resolved "https://registry.yarnpkg.com/path-match/-/path-match-1.2.4.tgz#a62747f3c7e0c2514762697f24443585b09100ea"
  integrity sha1-pidH88fgwlFHYml/JEQ1hbCRAOo=
  dependencies:
    http-errors "~1.4.0"
    path-to-regexp "^1.0.0"

path-to-regexp@^1.0.0:
  version "1.8.0"
  resolved "https://registry.yarnpkg.com/path-to-regexp/-/path-to-regexp-1.8.0.tgz#887b3ba9d84393e87a0a0b9f4cb756198b53548a"
  integrity sha512-n43JRhlUKUAlibEJhPeir1ncUID16QnEjNpwzNdO3Lm4ywrBpBZ5oLD0I6br9evr1Y9JTqwRtAh7JLoOzAQdVA==
  dependencies:
    isarray "0.0.1"

picocolors@^1.0.0:
  version "1.1.1"
  resolved "https://registry.yarnpkg.com/picocolors/-/picocolors-1.1.1.tgz#3d321af3eab939b083c8f929a1d12cda81c26b6b"
  integrity sha512-xceH2snhtb5M9liqDsmEw56le376mTZkEX/jEb/RxNFyegNul7eNslCXP9FDj/Lcu0X8KEyMceP2ntpaHrDEVA==

postcss@8.4.31:
  version "8.4.31"
  resolved "https://registry.yarnpkg.com/postcss/-/postcss-8.4.31.tgz#92b451050a9f914da6755af352bdc0192508656d"
  integrity sha512-PS08Iboia9mts/2ygV3eLpY5ghnUcfLV/EXTOW1E2qYxJKGGBUtNjN76FYHnMs36RmARn41bC0AZmn+rR0OVpQ==
  dependencies:
    nanoid "^3.3.6"
    picocolors "^1.0.0"
    source-map-js "^1.0.2"

prop-types@^15.6.2:
  version "15.7.2"
  resolved "https://registry.yarnpkg.com/prop-types/-/prop-types-15.7.2.tgz#52c41e75b8c87e72b9d9360e0206b99dcbffa6c5"
  integrity sha512-8QQikdH7//R2vurIJSutZ1smHYTcLpRWEOlHnzcWHmBYrOGUysKwSsrC89BCiFj3CbrfJ/nXFdJepOVrY1GCHQ==
  dependencies:
    loose-envify "^1.4.0"
    object-assign "^4.1.1"
    react-is "^16.8.1"

punycode@1.3.2:
  version "1.3.2"
  resolved "https://registry.yarnpkg.com/punycode/-/punycode-1.3.2.tgz#9653a036fb7c1ee42342f2325cceefea3926c48d"
  integrity sha1-llOgNvt8HuQjQvIyXM7v6jkmxI0=

querystring@0.2.0:
  version "0.2.0"
  resolved "https://registry.yarnpkg.com/querystring/-/querystring-0.2.0.tgz#b209849203bb25df820da756e747005878521620"
  integrity sha1-sgmEkgO7Jd+CDadW50cAWHhSFiA=

react-dom@17.0.1:
  version "17.0.1"
  resolved "https://registry.yarnpkg.com/react-dom/-/react-dom-17.0.1.tgz#1de2560474ec9f0e334285662ede52dbc5426fc6"
  integrity sha512-6eV150oJZ9U2t9svnsspTMrWNyHc6chX0KzDeAOXftRa8bNeOKTTfCJ7KorIwenkHd2xqVTBTCZd79yk/lx/Ug==
  dependencies:
    loose-envify "^1.1.0"
    object-assign "^4.1.1"
    scheduler "^0.20.1"

react-i18next@^11.7.3:
  version "11.8.6"
  resolved "https://registry.yarnpkg.com/react-i18next/-/react-i18next-11.8.6.tgz#f9a09964fb38407247ae9542fe51741b6fb93d1a"
  integrity sha512-Nr4Fq7BvzDLJQmaDyJRkPPINgMW1Y1qeT4STBoY/ePGmYlCZGShTYqqyBm0ly6M8dV1X0twt7M5dfmDzfi9yGQ==
  dependencies:
    "@babel/runtime" "^7.3.1"
    html-parse-stringify2 "2.0.1"

react-is@^16.7.0, react-is@^16.8.1:
  version "16.13.1"
  resolved "https://registry.yarnpkg.com/react-is/-/react-is-16.13.1.tgz#789729a4dc36de2999dc156dd6c1d9c18cea56a4"
  integrity sha512-24e6ynE2H+OKt4kqsOvNd8kBpV65zoxbA4BVsEOB3ARVWQki/DHzaUoC5KuON/BiccDaCCTZBuOcfZs70kR8bQ==

react@17.0.1:
  version "17.0.1"
  resolved "https://registry.yarnpkg.com/react/-/react-17.0.1.tgz#6e0600416bd57574e3f86d92edba3d9008726127"
  integrity sha512-lG9c9UuMHdcAexXtigOZLX8exLWkW0Ku29qPRU8uhF2R9BN96dLCt0psvzPLlHc5OWkgymP3qwTRgbnw5BKx3w==
  dependencies:
    loose-envify "^1.1.0"
    object-assign "^4.1.1"

regenerator-runtime@^0.13.4:
  version "0.13.7"
  resolved "https://registry.yarnpkg.com/regenerator-runtime/-/regenerator-runtime-0.13.7.tgz#cac2dacc8a1ea675feaabaeb8ae833898ae46f55"
  integrity sha512-a54FxoJDIr27pgf7IgeQGxmqUNYrcV338lf/6gH456HZ/PhX+5BcwHXG9ajESmwe6WRO0tAzRUrRmNONWgkrew==

scheduler@^0.20.1:
  version "0.20.1"
  resolved "https://registry.yarnpkg.com/scheduler/-/scheduler-0.20.1.tgz#da0b907e24026b01181ecbc75efdc7f27b5a000c"
  integrity sha512-LKTe+2xNJBNxu/QhHvDR14wUXHRQbVY5ZOYpOGWRzhydZUqrLb2JBvLPY7cAqFmqrWuDED0Mjk7013SZiOz6Bw==
  dependencies:
    loose-envify "^1.1.0"
    object-assign "^4.1.1"

source-map-js@^1.0.2:
  version "1.2.1"
  resolved "https://registry.yarnpkg.com/source-map-js/-/source-map-js-1.2.1.tgz#1ce5650fddd87abc099eda37dcff024c2667ae46"
  integrity sha512-UXWMKhLOwVKb728IUtQPXxfYU+usdybtUrK/8uGE8CQMvrhOpwvzDBwj0QhSL7MQc7vIsISBG8VQ8+IDQxpfQA==

"statuses@>= 1.2.1 < 2":
  version "1.5.0"
  resolved "https://registry.yarnpkg.com/statuses/-/statuses-1.5.0.tgz#161c7dac177659fd9811f43771fa99381478628c"
  integrity sha1-Fhx9rBd2Wf2YEfQ3cfqZOBR4Yow=

streamsearch@^1.1.0:
  version "1.1.0"
  resolved "https://registry.yarnpkg.com/streamsearch/-/streamsearch-1.1.0.tgz#404dd1e2247ca94af554e841a8ef0eaa238da764"
  integrity sha512-Mcc5wHehp9aXz1ax6bZUyY5afg9u2rv5cqQI3mRrYkGC8rW2hM02jWuwjtL++LS5qinSyhj2QfLyNsuc+VsExg==

styled-jsx@5.1.1:
  version "5.1.1"
  resolved "https://registry.yarnpkg.com/styled-jsx/-/styled-jsx-5.1.1.tgz#839a1c3aaacc4e735fed0781b8619ea5d0009d1f"
  integrity sha512-pW7uC1l4mBZ8ugbiZrcIsiIvVx1UmTfw7UkC3Um2tmfUq9Bhk8IiyEIPl6F8agHgjzku6j0xQEZbfA5uSgSaCw==
  dependencies:
    client-only "0.0.1"

tslib@^2.4.0:
  version "2.8.1"
  resolved "https://registry.yarnpkg.com/tslib/-/tslib-2.8.1.tgz#612efe4ed235d567e8aba5f2a5fab70280ade83f"
  integrity sha512-oJFu94HQb+KVduSUQL7wnpmqnfmLsOA/nAh6b6EH0wCEoK0/mPeXU6c3wKDV83MkOuHPRHtSXKKU99IBazS/2w==

url@^0.11.0:
  version "0.11.0"
  resolved "https://registry.yarnpkg.com/url/-/url-0.11.0.tgz#3838e97cfc60521eb73c525a8e55bfdd9e2e28f1"
  integrity sha1-ODjpfPxgUh63PFJajlW/3Z4uKPE=
  dependencies:
    punycode "1.3.2"
    querystring "0.2.0"

void-elements@^2.0.1:
  version "2.0.1"
  resolved "https://registry.yarnpkg.com/void-elements/-/void-elements-2.0.1.tgz#c066afb582bb1cb4128d60ea92392e94d5e9dbec"
  integrity sha1-wGavtYK7HLQSjWDqkjkulNXp2+w=
